
Microsoft Visual Studio Solution File, Format Version 12.00
# Visual Studio Version 17
VisualStudioVersion = 17.4.33213.308
MinimumVisualStudioVersion = 10.0.40219.1
Project("{9A19103F-16F7-4668-BE54-9A1E7A4F7556}") = "CraftFromContainers", "CraftFromContainers\CraftFromContainers.csproj", "{CD733F8F-A7D5-4F62-B380-F51EF3A2AB9C}"
EndProject
Project("{9A19103F-16F7-4668-BE54-9A1E7A4F7556}") = "StorageSizeMod", "StorageSizeMod\StorageSizeMod.csproj", "{755DC1AD-BDD0-49FF-BDBB-CA228A737F28}"
EndProject
Project("{9A19103F-16F7-4668-BE54-9A1E7A4F7556}") = "AedenthornUtils", "AedenthornUtils\AedenthornUtils.csproj", "{18A3B92E-0F87-4AD7-9754-F256B6691282}"
EndProject
Project("{9A19103F-16F7-4668-BE54-9A1E7A4F7556}") = "SeamothTopographicMap", "SeamothTopographicMap\SeamothTopographicMap.csproj", "{82F28C90-7F4C-4524-A48A-E09806D83ED4}"
EndProject
Project("{9A19103F-16F7-4668-BE54-9A1E7A4F7556}") = "PrawnTopographicMap", "PrawnTopographicMap\PrawnTopographicMap.csproj", "{CE9D14F7-5413-4E52-A6EC-5DE878EAD61F}"
EndProject
Project("{9A19103F-16F7-4668-BE54-9A1E7A4F7556}") = "CyclopsTopographicMap", "CyclopsTopographicMap\CyclopsTopographicMap.csproj", "{65CE21D1-27FF-4630-989B-45EF4ED9B601}"
EndProject
Project("{9A19103F-16F7-4668-BE54-9A1E7A4F7556}") = "InventorySize", "InventorySize\InventorySize.csproj", "{D54DDE20-E9DC-452A-8B91-069805D9F1CD}"
EndProject
Project("{9A19103F-16F7-4668-BE54-9A1E7A4F7556}") = "AutoHarvest", "AutoHarvest\AutoHarvest.csproj", "{ECF215D1-5839-43DD-B202-C4A37BA17A2F}"
EndProject
Project("{9A19103F-16F7-4668-BE54-9A1E7A4F7556}") = "QuickStore", "QuickStore\QuickStore.csproj", "{FC72E32D-566E-440A-B39B-C0795F69D1A3}"
EndProject
Project("{9A19103F-16F7-4668-BE54-9A1E7A4F7556}") = "BedTeleport", "BedTeleport\BedTeleport.csproj", "{1A172A37-4941-4E4B-9DAF-CBDAE03D7837}"
EndProject
Project("{9A19103F-16F7-4668-BE54-9A1E7A4F7556}") = "DeveloperMenu", "DeveloperMenu\DeveloperMenu.csproj", "{F678622B-FFCA-485C-A04A-34C7FDEC64F9}"
EndProject
Project("{9A19103F-16F7-4668-BE54-9A1E7A4F7556}") = "ImageReplace", "ImageReplace\ImageReplace.csproj", "{C7415EAE-4AD1-4F44-AA4B-CD2F7CD6C857}"
EndProject
Project("{9A19103F-16F7-4668-BE54-9A1E7A4F7556}") = "QuickBatterySwitch", "QuickBatterySwitch\QuickBatterySwitch.csproj", "{0885860A-E291-42A5-B8F8-BA0015E376CF}"
EndProject
Project("{9A19103F-16F7-4668-BE54-9A1E7A4F7556}") = "CraftFromRawMaterials", "CraftFromRawMaterials\CraftFromRawMaterials.csproj", "{392619E7-EE5C-4F8A-8407-4F624E2232F3}"
EndProject
Project("{9A19103F-16F7-4668-BE54-9A1E7A4F7556}") = "TrackEverything", "TrackEverything\TrackEverything.csproj", "{65F2523F-16E9-4BFE-8D54-8D4611B16489}"
EndProject
Project("{FAE04EC0-301F-11D3-BF4B-00C04F79EFBC}") = "PersonalResourceScanner", "PersonalResourceScanner\PersonalResourceScanner.csproj", "{10F4DB79-3248-428E-83C7-A5CCB45744BB}"
EndProject
Project("{2150E333-8FDC-42A3-9474-1A3956D46DE8}") = "Solution Items", "Solution Items", "{8FCF3F1F-0545-4C50-9E81-19BB2A65C8B3}"
	ProjectSection(SolutionItems) = preProject
		.editorconfig = .editorconfig
	EndProjectSection
EndProject
Project("{FAE04EC0-301F-11D3-BF4B-00C04F79EFBC}") = "SimplePosters", "SimplePosters\SimplePosters.csproj", "{C55CF1A6-71B1-4354-8A1F-210C777AFCCB}"
	ProjectSection(ProjectDependencies) = postProject
		{18A3B92E-0F87-4AD7-9754-F256B6691282} = {18A3B92E-0F87-4AD7-9754-F256B6691282}
	EndProjectSection
EndProject
Global
	GlobalSection(SolutionConfigurationPlatforms) = preSolution
		Debug|Any CPU = Debug|Any CPU
		Release|Any CPU = Release|Any CPU
	EndGlobalSection
	GlobalSection(ProjectConfigurationPlatforms) = postSolution
		{CD733F8F-A7D5-4F62-B380-F51EF3A2AB9C}.Debug|Any CPU.ActiveCfg = Debug|Any CPU
		{CD733F8F-A7D5-4F62-B380-F51EF3A2AB9C}.Debug|Any CPU.Build.0 = Debug|Any CPU
		{CD733F8F-A7D5-4F62-B380-F51EF3A2AB9C}.Release|Any CPU.ActiveCfg = Release|Any CPU
		{CD733F8F-A7D5-4F62-B380-F51EF3A2AB9C}.Release|Any CPU.Build.0 = Release|Any CPU
		{755DC1AD-BDD0-49FF-BDBB-CA228A737F28}.Debug|Any CPU.ActiveCfg = Debug|Any CPU
		{755DC1AD-BDD0-49FF-BDBB-CA228A737F28}.Debug|Any CPU.Build.0 = Debug|Any CPU
		{755DC1AD-BDD0-49FF-BDBB-CA228A737F28}.Release|Any CPU.ActiveCfg = Release|Any CPU
		{755DC1AD-BDD0-49FF-BDBB-CA228A737F28}.Release|Any CPU.Build.0 = Release|Any CPU
		{18A3B92E-0F87-4AD7-9754-F256B6691282}.Debug|Any CPU.ActiveCfg = Debug|Any CPU
		{18A3B92E-0F87-4AD7-9754-F256B6691282}.Debug|Any CPU.Build.0 = Debug|Any CPU
		{18A3B92E-0F87-4AD7-9754-F256B6691282}.Release|Any CPU.ActiveCfg = Release|Any CPU
		{18A3B92E-0F87-4AD7-9754-F256B6691282}.Release|Any CPU.Build.0 = Release|Any CPU
		{82F28C90-7F4C-4524-A48A-E09806D83ED4}.Debug|Any CPU.ActiveCfg = Debug|Any CPU
		{82F28C90-7F4C-4524-A48A-E09806D83ED4}.Debug|Any CPU.Build.0 = Debug|Any CPU
		{82F28C90-7F4C-4524-A48A-E09806D83ED4}.Release|Any CPU.ActiveCfg = Release|Any CPU
		{82F28C90-7F4C-4524-A48A-E09806D83ED4}.Release|Any CPU.Build.0 = Release|Any CPU
		{CE9D14F7-5413-4E52-A6EC-5DE878EAD61F}.Debug|Any CPU.ActiveCfg = Debug|Any CPU
		{CE9D14F7-5413-4E52-A6EC-5DE878EAD61F}.Debug|Any CPU.Build.0 = Debug|Any CPU
		{CE9D14F7-5413-4E52-A6EC-5DE878EAD61F}.Release|Any CPU.ActiveCfg = Release|Any CPU
		{CE9D14F7-5413-4E52-A6EC-5DE878EAD61F}.Release|Any CPU.Build.0 = Release|Any CPU
		{65CE21D1-27FF-4630-989B-45EF4ED9B601}.Debug|Any CPU.ActiveCfg = Debug|Any CPU
		{65CE21D1-27FF-4630-989B-45EF4ED9B601}.Debug|Any CPU.Build.0 = Debug|Any CPU
		{65CE21D1-27FF-4630-989B-45EF4ED9B601}.Release|Any CPU.ActiveCfg = Release|Any CPU
		{65CE21D1-27FF-4630-989B-45EF4ED9B601}.Release|Any CPU.Build.0 = Release|Any CPU
		{D54DDE20-E9DC-452A-8B91-069805D9F1CD}.Debug|Any CPU.ActiveCfg = Debug|Any CPU
		{D54DDE20-E9DC-452A-8B91-069805D9F1CD}.Debug|Any CPU.Build.0 = Debug|Any CPU
		{D54DDE20-E9DC-452A-8B91-069805D9F1CD}.Release|Any CPU.ActiveCfg = Release|Any CPU
		{D54DDE20-E9DC-452A-8B91-069805D9F1CD}.Release|Any CPU.Build.0 = Release|Any CPU
		{ECF215D1-5839-43DD-B202-C4A37BA17A2F}.Debug|Any CPU.ActiveCfg = Debug|Any CPU
		{ECF215D1-5839-43DD-B202-C4A37BA17A2F}.Debug|Any CPU.Build.0 = Debug|Any CPU
		{ECF215D1-5839-43DD-B202-C4A37BA17A2F}.Release|Any CPU.ActiveCfg = Release|Any CPU
		{ECF215D1-5839-43DD-B202-C4A37BA17A2F}.Release|Any CPU.Build.0 = Release|Any CPU
		{FC72E32D-566E-440A-B39B-C0795F69D1A3}.Debug|Any CPU.ActiveCfg = Debug|Any CPU
		{FC72E32D-566E-440A-B39B-C0795F69D1A3}.Debug|Any CPU.Build.0 = Debug|Any CPU
		{FC72E32D-566E-440A-B39B-C0795F69D1A3}.Release|Any CPU.ActiveCfg = Release|Any CPU
		{FC72E32D-566E-440A-B39B-C0795F69D1A3}.Release|Any CPU.Build.0 = Release|Any CPU
		{1A172A37-4941-4E4B-9DAF-CBDAE03D7837}.Debug|Any CPU.ActiveCfg = Debug|Any CPU
		{1A172A37-4941-4E4B-9DAF-CBDAE03D7837}.Debug|Any CPU.Build.0 = Debug|Any CPU
		{1A172A37-4941-4E4B-9DAF-CBDAE03D7837}.Release|Any CPU.ActiveCfg = Release|Any CPU
		{1A172A37-4941-4E4B-9DAF-CBDAE03D7837}.Release|Any CPU.Build.0 = Release|Any CPU
		{F678622B-FFCA-485C-A04A-34C7FDEC64F9}.Debug|Any CPU.ActiveCfg = Debug|Any CPU
		{F678622B-FFCA-485C-A04A-34C7FDEC64F9}.Debug|Any CPU.Build.0 = Debug|Any CPU
		{F678622B-FFCA-485C-A04A-34C7FDEC64F9}.Release|Any CPU.ActiveCfg = Release|Any CPU
		{F678622B-FFCA-485C-A04A-34C7FDEC64F9}.Release|Any CPU.Build.0 = Release|Any CPU
		{C7415EAE-4AD1-4F44-AA4B-CD2F7CD6C857}.Debug|Any CPU.ActiveCfg = Debug|Any CPU
		{C7415EAE-4AD1-4F44-AA4B-CD2F7CD6C857}.Debug|Any CPU.Build.0 = Debug|Any CPU
		{C7415EAE-4AD1-4F44-AA4B-CD2F7CD6C857}.Release|Any CPU.ActiveCfg = Release|Any CPU
		{C7415EAE-4AD1-4F44-AA4B-CD2F7CD6C857}.Release|Any CPU.Build.0 = Release|Any CPU
		{0885860A-E291-42A5-B8F8-BA0015E376CF}.Debug|Any CPU.ActiveCfg = Debug|Any CPU
		{0885860A-E291-42A5-B8F8-BA0015E376CF}.Debug|Any CPU.Build.0 = Debug|Any CPU
		{0885860A-E291-42A5-B8F8-BA0015E376CF}.Release|Any CPU.ActiveCfg = Release|Any CPU
		{0885860A-E291-42A5-B8F8-BA0015E376CF}.Release|Any CPU.Build.0 = Release|Any CPU
		{392619E7-EE5C-4F8A-8407-4F624E2232F3}.Debug|Any CPU.ActiveCfg = Debug|Any CPU
		{392619E7-EE5C-4F8A-8407-4F624E2232F3}.Debug|Any CPU.Build.0 = Debug|Any CPU
		{392619E7-EE5C-4F8A-8407-4F624E2232F3}.Release|Any CPU.ActiveCfg = Release|Any CPU
		{392619E7-EE5C-4F8A-8407-4F624E2232F3}.Release|Any CPU.Build.0 = Release|Any CPU
		{65F2523F-16E9-4BFE-8D54-8D4611B16489}.Debug|Any CPU.ActiveCfg = Debug|Any CPU
		{65F2523F-16E9-4BFE-8D54-8D4611B16489}.Debug|Any CPU.Build.0 = Debug|Any CPU
		{65F2523F-16E9-4BFE-8D54-8D4611B16489}.Release|Any CPU.ActiveCfg = Release|Any CPU
		{65F2523F-16E9-4BFE-8D54-8D4611B16489}.Release|Any CPU.Build.0 = Release|Any CPU
		{10F4DB79-3248-428E-83C7-A5CCB45744BB}.Debug|Any CPU.ActiveCfg = Debug|Any CPU
		{10F4DB79-3248-428E-83C7-A5CCB45744BB}.Debug|Any CPU.Build.0 = Debug|Any CPU
		{10F4DB79-3248-428E-83C7-A5CCB45744BB}.Release|Any CPU.ActiveCfg = Release|Any CPU
		{10F4DB79-3248-428E-83C7-A5CCB45744BB}.Release|Any CPU.Build.0 = Release|Any CPU
		{C55CF1A6-71B1-4354-8A1F-210C777AFCCB}.Debug|Any CPU.ActiveCfg = Debug|Any CPU
		{C55CF1A6-71B1-4354-8A1F-210C777AFCCB}.Debug|Any CPU.Build.0 = Debug|Any CPU
		{C55CF1A6-71B1-4354-8A1F-210C777AFCCB}.Release|Any CPU.ActiveCfg = Release|Any CPU
		{C55CF1A6-71B1-4354-8A1F-210C777AFCCB}.Release|Any CPU.Build.0 = Release|Any CPU
	EndGlobalSection
	GlobalSection(SolutionProperties) = preSolution
		HideSolutionNode = FALSE
	EndGlobalSection
	GlobalSection(ExtensibilityGlobals) = postSolution
		SolutionGuid = {74DDA5F3-74E2-48B1-BD79-C571D74F1AE3}
	EndGlobalSection
EndGlobal
